github.com/caarlos0/env/v11 v11.4.0 h1:Kcb6t5kIIr4XkoQC9AF2j+8E1Jsrl3Wz/hhm1LtoGAc=
github.com/caarlos0/env/v11 v11.4.0/go.mod h1:qupehSf/Y0TUTsxKywqRt/vJjN5nz6vauiYEUUr8P4U=
github.com/google/uuid v1.6.0 h1:NIvaJDMOsjHA8n1jAhLSgzrAzy1Hgr+hNrb57e+94F0=
github.com/google/uuid v1.6.0/go.mod h1:TIyPZe4MgqvfeYDBFedMoGGpEw/LqOeaOT+nhxU+yHo=
github.com/zhmlst/assistant/go v0.0.0-20260416184354-850159ff2e16 h1:cDsX58cZj9+0pIsC1QGAmpBGtYZKIpO/L9z6zmWFaOM=
github.com/zhmlst/assistant/go v0.0.0-20260416184354-850159ff2e16/go.mod h1:NKba7m4yFuA2MsSG45fZDx0XCGYXNEM/yM/RedIOBPQ=
